
Microsoft Visual Studio Solution File, Format Version 12.00
# Visual Studio Version 17
VisualStudioVersion = 17.2.32519.379
MinimumVisualStudioVersion = 10.0.40219.1
Project("{FAE04EC0-301F-11D3-BF4B-00C04F79EFBC}") = "Ticket", "Ticket\Ticket.csproj", "{FFF5AAA7-717A-48EB-AF10-D50939D16012}"
EndProject
Global
	GlobalSection(SolutionConfigurationPlatforms) = preSolution
		Debug|Any CPU = Debug|Any CPU
		Release|Any CPU = Release|Any CPU
	EndGlobalSection
	GlobalSection(ProjectConfigurationPlatforms) = postSolution
		{FFF5AAA7-717A-48EB-AF10-D50939D16012}.Debug|Any CPU.ActiveCfg = Debug|Any CPU
		{FFF5AAA7-717A-48EB-AF10-D50939D16012}.Debug|Any CPU.Build.0 = Debug|Any CPU
		{FFF5AAA7-717A-48EB-AF10-D50939D16012}.Release|Any CPU.ActiveCfg = Release|Any CPU
		{FFF5AAA7-717A-48EB-AF10-D50939D16012}.Release|Any CPU.Build.0 = Release|Any CPU
	EndGlobalSection
	GlobalSection(SolutionProperties) = preSolution
		HideSolutionNode = FALSE
	EndGlobalSection
	GlobalSection(ExtensibilityGlobals) = postSolution
		SolutionGuid = {2F198955-C2FB-4DE8-B338-FFBBF38843C3}
	EndGlobalSection
EndGlobal
